{
  "pins" : [
    {
      "identity" : "alamofire",
      "kind" : "remoteSourceControl",
      "location" : "https://github.com/Alamofire/Alamofire.git",
      "state" : {
        "revision" : "723fa5a6c65812aec4a0d7cc432ee198883b6e00",
        "version" : "5.9.0"
      }
    },
    {
      "identity" : "appauth-ios",
      "kind" : "remoteSourceControl",
      "location" : "https://github.com/openid/AppAuth-iOS.git",
      "state" : {
        "revision" : "71cde449f13d453227e687458144bde372d30fc7",
        "version" : "1.6.2"
      }
    },
    {
      "identity" : "swift-suiness",
      "kind" : "remoteSourceControl",
      "location" : "https://github.com/mcxross/swift-suiness.git",
      "state" : {
        "revision" : "cf793bc95b14f3ef1cb27932a3e38ad37b909036",
        "version" : "0.1.2-beta"
      }
    },
    {
      "identity" : "swift-zeroauth",
      "kind" : "remoteSourceControl",
      "location" : "https://github.com/mcxross/swift-zeroauth.git",
      "state" : {
        "branch" : "main",
        "revision" : "80c89d757a6c9f9ef18601ac353780efc0516765"
      }
    }
  ],
  "version" : 2
}
