{
  "pins" : [
    {
      "identity" : "alamofire",
      "kind" : "remoteSourceControl",
      "location" : "https://github.com/Alamofire/Alamofire.git",
      "state" : {
        "revision" : "723fa5a6c65812aec4a0d7cc432ee198883b6e00",
        "version" : "5.9.0"
      }
    },
    {
      "identity" : "appauth-ios",
      "kind" : "remoteSourceControl",
      "location" : "https://github.com/openid/AppAuth-iOS.git",
      "state" : {
        "revision" : "059f77eb1ccf015a6f5b88cb450376dc0707e1b6",
        "version" : "1.7.1"
      }
    },
    {
      "identity" : "swift-suiness",
      "kind" : "remoteSourceControl",
      "location" : "https://github.com/mcxross/swift-suiness.git",
      "state" : {
        "revision" : "9d4fff6009e465f9c09605ecc84832442edd1531",
        "version" : "0.1.3-beta"
      }
    },
    {
      "identity" : "swift-zeroauth",
      "kind" : "remoteSourceControl",
      "location" : "https://github.com/mcxross/swift-zeroauth.git",
      "state" : {
        "branch" : "main",
        "revision" : "d38cc161f2147c25e110ee4de206ca82791518a9"
      }
    }
  ],
  "version" : 2
}
